
Microsoft Visual Studio Solution File, Format Version 12.00
# Visual Studio Version 17
VisualStudioVersion = 17.4.33213.308
MinimumVisualStudioVersion = 10.0.40219.1
Project("{9A19103F-16F7-4668-BE54-9A1E7A4F7556}") = "bikeRental", "bikeRental.csproj", "{4F8FAC79-AAB5-492A-BDD1-562E2E0BB38E}"
EndProject
Project("{FAE04EC0-301F-11D3-BF4B-00C04F79EFBC}") = "AdminRentalUI", "..\AdminRentalUI-2\AdminRentalUI\AdminRentalUI.csproj", "{E2AD2158-F593-4A5B-B3A3-03E7841E9BD3}"
EndProject
Global
	GlobalSection(SolutionConfigurationPlatforms) = preSolution
		Debug|Any CPU = Debug|Any CPU
		Release|Any CPU = Release|Any CPU
	EndGlobalSection
	GlobalSection(ProjectConfigurationPlatforms) = postSolution
		{4F8FAC79-AAB5-492A-BDD1-562E2E0BB38E}.Debug|Any CPU.ActiveCfg = Debug|Any CPU
		{4F8FAC79-AAB5-492A-BDD1-562E2E0BB38E}.Debug|Any CPU.Build.0 = Debug|Any CPU
		{4F8FAC79-AAB5-492A-BDD1-562E2E0BB38E}.Release|Any CPU.ActiveCfg = Release|Any CPU
		{4F8FAC79-AAB5-492A-BDD1-562E2E0BB38E}.Release|Any CPU.Build.0 = Release|Any CPU
		{E2AD2158-F593-4A5B-B3A3-03E7841E9BD3}.Debug|Any CPU.ActiveCfg = Debug|Any CPU
		{E2AD2158-F593-4A5B-B3A3-03E7841E9BD3}.Debug|Any CPU.Build.0 = Debug|Any CPU
		{E2AD2158-F593-4A5B-B3A3-03E7841E9BD3}.Release|Any CPU.ActiveCfg = Release|Any CPU
		{E2AD2158-F593-4A5B-B3A3-03E7841E9BD3}.Release|Any CPU.Build.0 = Release|Any CPU
	EndGlobalSection
	GlobalSection(SolutionProperties) = preSolution
		HideSolutionNode = FALSE
	EndGlobalSection
	GlobalSection(ExtensibilityGlobals) = postSolution
		SolutionGuid = {46F61B75-3B72-4D2E-9CC0-786802DB32DF}
	EndGlobalSection
EndGlobal
